
Microsoft Visual Studio Solution File, Format Version 12.00
Project("{FAE04EC0-301F-11D3-BF4B-00C04F79EFBC}") = "Ej1", "Ej1\Ej1.csproj", "{4E077909-2398-4A35-B679-B6423EACF3EC}"
EndProject
Project("{FAE04EC0-301F-11D3-BF4B-00C04F79EFBC}") = "Ej2", "Ej2\Ej2.csproj", "{5C0DFF15-4F8F-4132-99A9-2FC6F563B0BC}"
EndProject
Project("{FAE04EC0-301F-11D3-BF4B-00C04F79EFBC}") = "Ej3", "Ej3\Ej3.csproj", "{97A0EAB3-F775-4A65-8ED7-57334F1A3B3D}"
EndProject
Project("{FAE04EC0-301F-11D3-BF4B-00C04F79EFBC}") = "Ej4", "Ej4\Ej4.csproj", "{83EC8F82-DA6F-49EB-B9B0-414D96EFA4E3}"
EndProject
Project("{FAE04EC0-301F-11D3-BF4B-00C04F79EFBC}") = "Ej5", "Ej5\Ej5.csproj", "{B5FD1269-FE59-4A33-A409-B2CA6CE32FB4}"
EndProject
Project("{FAE04EC0-301F-11D3-BF4B-00C04F79EFBC}") = "Ej6", "Ej6\Ej6.csproj", "{8F45A10B-7975-43B8-9C0B-B57D65B2FE8F}"
EndProject
Global
	GlobalSection(SolutionConfigurationPlatforms) = preSolution
		Debug|Any CPU = Debug|Any CPU
		Debug|x64 = Debug|x64
		Debug|x86 = Debug|x86
		Release|Any CPU = Release|Any CPU
		Release|x64 = Release|x64
		Release|x86 = Release|x86
	EndGlobalSection
	GlobalSection(ProjectConfigurationPlatforms) = postSolution
		{4E077909-2398-4A35-B679-B6423EACF3EC}.Debug|Any CPU.ActiveCfg = Debug|Any CPU
		{4E077909-2398-4A35-B679-B6423EACF3EC}.Debug|Any CPU.Build.0 = Debug|Any CPU
		{4E077909-2398-4A35-B679-B6423EACF3EC}.Debug|x64.ActiveCfg = Debug|Any CPU
		{4E077909-2398-4A35-B679-B6423EACF3EC}.Debug|x64.Build.0 = Debug|Any CPU
		{4E077909-2398-4A35-B679-B6423EACF3EC}.Debug|x86.ActiveCfg = Debug|Any CPU
		{4E077909-2398-4A35-B679-B6423EACF3EC}.Debug|x86.Build.0 = Debug|Any CPU
		{4E077909-2398-4A35-B679-B6423EACF3EC}.Release|Any CPU.ActiveCfg = Release|Any CPU
		{4E077909-2398-4A35-B679-B6423EACF3EC}.Release|Any CPU.Build.0 = Release|Any CPU
		{4E077909-2398-4A35-B679-B6423EACF3EC}.Release|x64.ActiveCfg = Release|Any CPU
		{4E077909-2398-4A35-B679-B6423EACF3EC}.Release|x64.Build.0 = Release|Any CPU
		{4E077909-2398-4A35-B679-B6423EACF3EC}.Release|x86.ActiveCfg = Release|Any CPU
		{4E077909-2398-4A35-B679-B6423EACF3EC}.Release|x86.Build.0 = Release|Any CPU
		{5C0DFF15-4F8F-4132-99A9-2FC6F563B0BC}.Debug|Any CPU.ActiveCfg = Debug|Any CPU
		{5C0DFF15-4F8F-4132-99A9-2FC6F563B0BC}.Debug|Any CPU.Build.0 = Debug|Any CPU
		{5C0DFF15-4F8F-4132-99A9-2FC6F563B0BC}.Debug|x64.ActiveCfg = Debug|Any CPU
		{5C0DFF15-4F8F-4132-99A9-2FC6F563B0BC}.Debug|x64.Build.0 = Debug|Any CPU
		{5C0DFF15-4F8F-4132-99A9-2FC6F563B0BC}.Debug|x86.ActiveCfg = Debug|Any CPU
		{5C0DFF15-4F8F-4132-99A9-2FC6F563B0BC}.Debug|x86.Build.0 = Debug|Any CPU
		{5C0DFF15-4F8F-4132-99A9-2FC6F563B0BC}.Release|Any CPU.ActiveCfg = Release|Any CPU
		{5C0DFF15-4F8F-4132-99A9-2FC6F563B0BC}.Release|Any CPU.Build.0 = Release|Any CPU
		{5C0DFF15-4F8F-4132-99A9-2FC6F563B0BC}.Release|x64.ActiveCfg = Release|Any CPU
		{5C0DFF15-4F8F-4132-99A9-2FC6F563B0BC}.Release|x64.Build.0 = Release|Any CPU
		{5C0DFF15-4F8F-4132-99A9-2FC6F563B0BC}.Release|x86.ActiveCfg = Release|Any CPU
		{5C0DFF15-4F8F-4132-99A9-2FC6F563B0BC}.Release|x86.Build.0 = Release|Any CPU
		{97A0EAB3-F775-4A65-8ED7-57334F1A3B3D}.Debug|Any CPU.ActiveCfg = Debug|Any CPU
		{97A0EAB3-F775-4A65-8ED7-57334F1A3B3D}.Debug|Any CPU.Build.0 = Debug|Any CPU
		{97A0EAB3-F775-4A65-8ED7-57334F1A3B3D}.Debug|x64.ActiveCfg = Debug|Any CPU
		{97A0EAB3-F775-4A65-8ED7-57334F1A3B3D}.Debug|x64.Build.0 = Debug|Any CPU
		{97A0EAB3-F775-4A65-8ED7-57334F1A3B3D}.Debug|x86.ActiveCfg = Debug|Any CPU
		{97A0EAB3-F775-4A65-8ED7-57334F1A3B3D}.Debug|x86.Build.0 = Debug|Any CPU
		{97A0EAB3-F775-4A65-8ED7-57334F1A3B3D}.Release|Any CPU.ActiveCfg = Release|Any CPU
		{97A0EAB3-F775-4A65-8ED7-57334F1A3B3D}.Release|Any CPU.Build.0 = Release|Any CPU
		{97A0EAB3-F775-4A65-8ED7-57334F1A3B3D}.Release|x64.ActiveCfg = Release|Any CPU
		{97A0EAB3-F775-4A65-8ED7-57334F1A3B3D}.Release|x64.Build.0 = Release|Any CPU
		{97A0EAB3-F775-4A65-8ED7-57334F1A3B3D}.Release|x86.ActiveCfg = Release|Any CPU
		{97A0EAB3-F775-4A65-8ED7-57334F1A3B3D}.Release|x86.Build.0 = Release|Any CPU
		{83EC8F82-DA6F-49EB-B9B0-414D96EFA4E3}.Debug|Any CPU.ActiveCfg = Debug|Any CPU
		{83EC8F82-DA6F-49EB-B9B0-414D96EFA4E3}.Debug|Any CPU.Build.0 = Debug|Any CPU
		{83EC8F82-DA6F-49EB-B9B0-414D96EFA4E3}.Debug|x64.ActiveCfg = Debug|Any CPU
		{83EC8F82-DA6F-49EB-B9B0-414D96EFA4E3}.Debug|x64.Build.0 = Debug|Any CPU
		{83EC8F82-DA6F-49EB-B9B0-414D96EFA4E3}.Debug|x86.ActiveCfg = Debug|Any CPU
		{83EC8F82-DA6F-49EB-B9B0-414D96EFA4E3}.Debug|x86.Build.0 = Debug|Any CPU
		{83EC8F82-DA6F-49EB-B9B0-414D96EFA4E3}.Release|Any CPU.ActiveCfg = Release|Any CPU
		{83EC8F82-DA6F-49EB-B9B0-414D96EFA4E3}.Release|Any CPU.Build.0 = Release|Any CPU
		{83EC8F82-DA6F-49EB-B9B0-414D96EFA4E3}.Release|x64.ActiveCfg = Release|Any CPU
		{83EC8F82-DA6F-49EB-B9B0-414D96EFA4E3}.Release|x64.Build.0 = Release|Any CPU
		{83EC8F82-DA6F-49EB-B9B0-414D96EFA4E3}.Release|x86.ActiveCfg = Release|Any CPU
		{83EC8F82-DA6F-49EB-B9B0-414D96EFA4E3}.Release|x86.Build.0 = Release|Any CPU
		{B5FD1269-FE59-4A33-A409-B2CA6CE32FB4}.Debug|Any CPU.ActiveCfg = Debug|Any CPU
		{B5FD1269-FE59-4A33-A409-B2CA6CE32FB4}.Debug|Any CPU.Build.0 = Debug|Any CPU
		{B5FD1269-FE59-4A33-A409-B2CA6CE32FB4}.Debug|x64.ActiveCfg = Debug|Any CPU
		{B5FD1269-FE59-4A33-A409-B2CA6CE32FB4}.Debug|x64.Build.0 = Debug|Any CPU
		{B5FD1269-FE59-4A33-A409-B2CA6CE32FB4}.Debug|x86.ActiveCfg = Debug|Any CPU
		{B5FD1269-FE59-4A33-A409-B2CA6CE32FB4}.Debug|x86.Build.0 = Debug|Any CPU
		{B5FD1269-FE59-4A33-A409-B2CA6CE32FB4}.Release|Any CPU.ActiveCfg = Release|Any CPU
		{B5FD1269-FE59-4A33-A409-B2CA6CE32FB4}.Release|Any CPU.Build.0 = Release|Any CPU
		{B5FD1269-FE59-4A33-A409-B2CA6CE32FB4}.Release|x64.ActiveCfg = Release|Any CPU
		{B5FD1269-FE59-4A33-A409-B2CA6CE32FB4}.Release|x64.Build.0 = Release|Any CPU
		{B5FD1269-FE59-4A33-A409-B2CA6CE32FB4}.Release|x86.ActiveCfg = Release|Any CPU
		{B5FD1269-FE59-4A33-A409-B2CA6CE32FB4}.Release|x86.Build.0 = Release|Any CPU
		{8F45A10B-7975-43B8-9C0B-B57D65B2FE8F}.Debug|Any CPU.ActiveCfg = Debug|Any CPU
		{8F45A10B-7975-43B8-9C0B-B57D65B2FE8F}.Debug|Any CPU.Build.0 = Debug|Any CPU
		{8F45A10B-7975-43B8-9C0B-B57D65B2FE8F}.Debug|x64.ActiveCfg = Debug|Any CPU
		{8F45A10B-7975-43B8-9C0B-B57D65B2FE8F}.Debug|x64.Build.0 = Debug|Any CPU
		{8F45A10B-7975-43B8-9C0B-B57D65B2FE8F}.Debug|x86.ActiveCfg = Debug|Any CPU
		{8F45A10B-7975-43B8-9C0B-B57D65B2FE8F}.Debug|x86.Build.0 = Debug|Any CPU
		{8F45A10B-7975-43B8-9C0B-B57D65B2FE8F}.Release|Any CPU.ActiveCfg = Release|Any CPU
		{8F45A10B-7975-43B8-9C0B-B57D65B2FE8F}.Release|Any CPU.Build.0 = Release|Any CPU
		{8F45A10B-7975-43B8-9C0B-B57D65B2FE8F}.Release|x64.ActiveCfg = Release|Any CPU
		{8F45A10B-7975-43B8-9C0B-B57D65B2FE8F}.Release|x64.Build.0 = Release|Any CPU
		{8F45A10B-7975-43B8-9C0B-B57D65B2FE8F}.Release|x86.ActiveCfg = Release|Any CPU
		{8F45A10B-7975-43B8-9C0B-B57D65B2FE8F}.Release|x86.Build.0 = Release|Any CPU
	EndGlobalSection
	GlobalSection(SolutionProperties) = preSolution
		HideSolutionNode = FALSE
	EndGlobalSection
EndGlobal
